// !$*UTF8*$!
{
	archiveVersion = 1;
	classes = {
	};
	objectVersion = 50;
	objects = {

/* Begin PBXBuildFile section */
		CEB117DE25648FE8004F30FF /* AppDelegate.swift in Sources */ = {isa = PBXBuildFile; fileRef = CEB117DD25648FE8004F30FF /* AppDelegate.swift */; };
		CEB117E025648FE8004F30FF /* SceneDelegate.swift in Sources */ = {isa = PBXBuildFile; fileRef = CEB117DF25648FE8004F30FF /* SceneDelegate.swift */; };
		CEB117E225648FE8004F30FF /* ViewController.swift in Sources */ = {isa = PBXBuildFile; fileRef = CEB117E125648FE8004F30FF /* ViewController.swift */; };
		CEB117E525648FE8004F30FF /* Main.storyboard in Resources */ = {isa = PBXBuildFile; fileRef = CEB117E325648FE8004F30FF /* Main.storyboard */; };
		CEB117E725648FEB004F30FF /* Assets.xcassets in Resources */ = {isa = PBXBuildFile; fileRef = CEB117E625648FEB004F30FF /* Assets.xcassets */; };
		CEB117EA25648FEB004F30FF /* LaunchScreen.storyboard in Resources */ = {isa = PBXBuildFile; fileRef = CEB117E825648FEB004F30FF /* LaunchScreen.storyboard */; };
		CEB117F9256490CD004F30FF /* WidgetKit.framework in Frameworks */ = {isa = PBXBuildFile; fileRef = CEB117F8256490CD004F30FF /* WidgetKit.framework */; };
		CEB117FB256490CD004F30FF /* SwiftUI.framework in Frameworks */ = {isa = PBXBuildFile; fileRef = CEB117FA256490CD004F30FF /* SwiftUI.framework */; };
		CEB117FE256490CD004F30FF /* FoodDealsWidget.swift in Sources */ = {isa = PBXBuildFile; fileRef = CEB117FD256490CD004F30FF /* FoodDealsWidget.swift */; };
		CEB11801256490D0004F30FF /* Assets.xcassets in Resources */ = {isa = PBXBuildFile; fileRef = CEB11800256490D0004F30FF /* Assets.xcassets */; };
		CEB11803256490D0004F30FF /* FoodDealsWidget.intentdefinition in Sources */ = {isa = PBXBuildFile; fileRef = CEB117FF256490CE004F30FF /* FoodDealsWidget.intentdefinition */; };
		CEB11804256490D0004F30FF /* FoodDealsWidget.intentdefinition in Sources */ = {isa = PBXBuildFile; fileRef = CEB117FF256490CE004F30FF /* FoodDealsWidget.intentdefinition */; };
		CEB11807256490D0004F30FF /* FoodDealsWidgetExtension.appex in Embed App Extensions */ = {isa = PBXBuildFile; fileRef = CEB117F6256490CD004F30FF /* FoodDealsWidgetExtension.appex */; settings = {ATTRIBUTES = (RemoveHeadersOnCopy, ); }; };
/* End PBXBuildFile section */

/* Begin PBXContainerItemProxy section */
		CEB11805256490D0004F30FF /* PBXContainerItemProxy */ = {
			isa = PBXContainerItemProxy;
			containerPortal = CEB117D225648FE8004F30FF /* Project object */;
			proxyType = 1;
			remoteGlobalIDString = CEB117F5256490CD004F30FF;
			remoteInfo = FoodDealsWidgetExtension;
		};
/* End PBXContainerItemProxy section */

/* Begin PBXCopyFilesBuildPhase section */
		CEB1180B256490D0004F30FF /* Embed App Extensions */ = {
			isa = PBXCopyFilesBuildPhase;
			buildActionMask = 2147483647;
			dstPath = "";
			dstSubfolderSpec = 13;
			files = (
				CEB11807256490D0004F30FF /* FoodDealsWidgetExtension.appex in Embed App Extensions */,
			);
			name = "Embed App Extensions";
			runOnlyForDeploymentPostprocessing = 0;
		};
/* End PBXCopyFilesBuildPhase section */

/* Begin PBXFileReference section */
		CEB117DA25648FE8004F30FF /* FoodDeals.app */ = {isa = PBXFileReference; explicitFileType = wrapper.application; includeInIndex = 0; path = FoodDeals.app; sourceTree = BUILT_PRODUCTS_DIR; };
		CEB117DD25648FE8004F30FF /* AppDelegate.swift */ = {isa = PBXFileReference; lastKnownFileType = sourcecode.swift; path = AppDelegate.swift; sourceTree = "<group>"; };
		CEB117DF25648FE8004F30FF /* SceneDelegate.swift */ = {isa = PBXFileReference; lastKnownFileType = sourcecode.swift; path = SceneDelegate.swift; sourceTree = "<group>"; };
		CEB117E125648FE8004F30FF /* ViewController.swift */ = {isa = PBXFileReference; lastKnownFileType = sourcecode.swift; path = ViewController.swift; sourceTree = "<group>"; };
		CEB117E425648FE8004F30FF /* Base */ = {isa = PBXFileReference; lastKnownFileType = file.storyboard; name = Base; path = Base.lproj/Main.storyboard; sourceTree = "<group>"; };
		CEB117E625648FEB004F30FF /* Assets.xcassets */ = {isa = PBXFileReference; lastKnownFileType = folder.assetcatalog; path = Assets.xcassets; sourceTree = "<group>"; };
		CEB117E925648FEB004F30FF /* Base */ = {isa = PBXFileReference; lastKnownFileType = file.storyboard; name = Base; path = Base.lproj/LaunchScreen.storyboard; sourceTree = "<group>"; };
		CEB117EB25648FEB004F30FF /* Info.plist */ = {isa = PBXFileReference; lastKnownFileType = text.plist.xml; path = Info.plist; sourceTree = "<group>"; };
		CEB117F6256490CD004F30FF /* FoodDealsWidgetExtension.appex */ = {isa = PBXFileReference; explicitFileType = "wrapper.app-extension"; includeInIndex = 0; path = FoodDealsWidgetExtension.appex; sourceTree = BUILT_PRODUCTS_DIR; };
		CEB117F8256490CD004F30FF /* WidgetKit.framework */ = {isa = PBXFileReference; lastKnownFileType = wrapper.framework; name = WidgetKit.framework; path = System/Library/Frameworks/WidgetKit.framework; sourceTree = SDKROOT; };
		CEB117FA256490CD004F30FF /* SwiftUI.framework */ = {isa = PBXFileReference; lastKnownFileType = wrapper.framework; name = SwiftUI.framework; path = System/Library/Frameworks/SwiftUI.framework; sourceTree = SDKROOT; };
		CEB117FD256490CD004F30FF /* FoodDealsWidget.swift */ = {isa = PBXFileReference; lastKnownFileType = sourcecode.swift; path = FoodDealsWidget.swift; sourceTree = "<group>"; };
		CEB117FF256490CE004F30FF /* FoodDealsWidget.intentdefinition */ = {isa = PBXFileReference; lastKnownFileType = file.intentdefinition; path = FoodDealsWidget.intentdefinition; sourceTree = "<group>"; };
		CEB11800256490D0004F30FF /* Assets.xcassets */ = {isa = PBXFileReference; lastKnownFileType = folder.assetcatalog; path = Assets.xcassets; sourceTree = "<group>"; };
		CEB11802256490D0004F30FF /* Info.plist */ = {isa = PBXFileReference; lastKnownFileType = text.plist.xml; path = Info.plist; sourceTree = "<group>"; };
/* End PBXFileReference section */

/* Begin PBXFrameworksBuildPhase section */
		CEB117D725648FE8004F30FF /* Frameworks */ = {
			isa = PBXFrameworksBuildPhase;
			buildActionMask = 2147483647;
			files = (
			);
			runOnlyForDeploymentPostprocessing = 0;
		};
		CEB117F3256490CD004F30FF /* Frameworks */ = {
			isa = PBXFrameworksBuildPhase;
			buildActionMask = 2147483647;
			files = (
				CEB117FB256490CD004F30FF /* SwiftUI.framework in Frameworks */,
				CEB117F9256490CD004F30FF /* WidgetKit.framework in Frameworks */,
			);
			runOnlyForDeploymentPostprocessing = 0;
		};
/* End PBXFrameworksBuildPhase section */

/* Begin PBXGroup section */
		CEB117D125648FE8004F30FF = {
			isa = PBXGroup;
			children = (
				CEB117DC25648FE8004F30FF /* FoodDeals */,
				CEB117FC256490CD004F30FF /* FoodDealsWidget */,
				CEB117F7256490CD004F30FF /* Frameworks */,
				CEB117DB25648FE8004F30FF /* Products */,
			);
			sourceTree = "<group>";
		};
		CEB117DB25648FE8004F30FF /* Products */ = {
			isa = PBXGroup;
			children = (
				CEB117DA25648FE8004F30FF /* FoodDeals.app */,
				CEB117F6256490CD004F30FF /* FoodDealsWidgetExtension.appex */,
			);
			name = Products;
			sourceTree = "<group>";
		};
		CEB117DC25648FE8004F30FF /* FoodDeals */ = {
			isa = PBXGroup;
			children = (
				CEB117DD25648FE8004F30FF /* AppDelegate.swift */,
				CEB117DF25648FE8004F30FF /* SceneDelegate.swift */,
				CEB117E125648FE8004F30FF /* ViewController.swift */,
				CEB117E325648FE8004F30FF /* Main.storyboard */,
				CEB117E625648FEB004F30FF /* Assets.xcassets */,
				CEB117E825648FEB004F30FF /* LaunchScreen.storyboard */,
				CEB117EB25648FEB004F30FF /* Info.plist */,
			);
			path = FoodDeals;
			sourceTree = "<group>";
		};
		CEB117F7256490CD004F30FF /* Frameworks */ = {
			isa = PBXGroup;
			children = (
				CEB117F8256490CD004F30FF /* WidgetKit.framework */,
				CEB117FA256490CD004F30FF /* SwiftUI.framework */,
			);
			name = Frameworks;
			sourceTree = "<group>";
		};
		CEB117FC256490CD004F30FF /* FoodDealsWidget */ = {
			isa = PBXGroup;
			children = (
				CEB117FD256490CD004F30FF /* FoodDealsWidget.swift */,
				CEB117FF256490CE004F30FF /* FoodDealsWidget.intentdefinition */,
				CEB11800256490D0004F30FF /* Assets.xcassets */,
				CEB11802256490D0004F30FF /* Info.plist */,
			);
			path = FoodDealsWidget;
			sourceTree = "<group>";
		};
/* End PBXGroup section */

/* Begin PBXNativeTarget section */
		CEB117D925648FE8004F30FF /* FoodDeals */ = {
			isa = PBXNativeTarget;
			buildConfigurationList = CEB117EE25648FEB004F30FF /* Build configuration list for PBXNativeTarget "FoodDeals" */;
			buildPhases = (
				CEB117D625648FE8004F30FF /* Sources */,
				CEB117D725648FE8004F30FF /* Frameworks */,
				CEB117D825648FE8004F30FF /* Resources */,
				CEB1180B256490D0004F30FF /* Embed App Extensions */,
			);
			buildRules = (
			);
			dependencies = (
				CEB11806256490D0004F30FF /* PBXTargetDependency */,
			);
			name = FoodDeals;
			productName = FoodDeals;
			productReference = CEB117DA25648FE8004F30FF /* FoodDeals.app */;
			productType = "com.apple.product-type.application";
		};
		CEB117F5256490CD004F30FF /* FoodDealsWidgetExtension */ = {
			isa = PBXNativeTarget;
			buildConfigurationList = CEB11808256490D0004F30FF /* Build configuration list for PBXNativeTarget "FoodDealsWidgetExtension" */;
			buildPhases = (
				CEB117F2256490CD004F30FF /* Sources */,
				CEB117F3256490CD004F30FF /* Frameworks */,
				CEB117F4256490CD004F30FF /* Resources */,
			);
			buildRules = (
			);
			dependencies = (
			);
			name = FoodDealsWidgetExtension;
			productName = FoodDealsWidgetExtension;
			productReference = CEB117F6256490CD004F30FF /* FoodDealsWidgetExtension.appex */;
			productType = "com.apple.product-type.app-extension";
		};
/* End PBXNativeTarget section */

/* Begin PBXProject section */
		CEB117D225648FE8004F30FF /* Project object */ = {
			isa = PBXProject;
			attributes = {
				LastSwiftUpdateCheck = 1220;
				LastUpgradeCheck = 1220;
				TargetAttributes = {
					CEB117D925648FE8004F30FF = {
						CreatedOnToolsVersion = 12.2;
					};
					CEB117F5256490CD004F30FF = {
						CreatedOnToolsVersion = 12.2;
					};
				};
			};
			buildConfigurationList = CEB117D525648FE8004F30FF /* Build configuration list for PBXProject "FoodDeals" */;
			compatibilityVersion = "Xcode 9.3";
			developmentRegion = en;
			hasScannedForEncodings = 0;
			knownRegions = (
				en,
				Base,
			);
			mainGroup = CEB117D125648FE8004F30FF;
			productRefGroup = CEB117DB25648FE8004F30FF /* Products */;
			projectDirPath = "";
			projectRoot = "";
			targets = (
				CEB117D925648FE8004F30FF /* FoodDeals */,
				CEB117F5256490CD004F30FF /* FoodDealsWidgetExtension */,
			);
		};
/* End PBXProject section */

/* Begin PBXResourcesBuildPhase section */
		CEB117D825648FE8004F30FF /* Resources */ = {
			isa = PBXResourcesBuildPhase;
			buildActionMask = 2147483647;
			files = (
				CEB117EA25648FEB004F30FF /* LaunchScreen.storyboard in Resources */,
				CEB117E725648FEB004F30FF /* Assets.xcassets in Resources */,
				CEB117E525648FE8004F30FF /* Main.storyboard in Resources */,
			);
			runOnlyForDeploymentPostprocessing = 0;
		};
		CEB117F4256490CD004F30FF /* Resources */ = {
			isa = PBXResourcesBuildPhase;
			buildActionMask = 2147483647;
			files = (
				CEB11801256490D0004F30FF /* Assets.xcassets in Resources */,
			);
			runOnlyForDeploymentPostprocessing = 0;
		};
/* End PBXResourcesBuildPhase section */

/* Begin PBXSourcesBuildPhase section */
		CEB117D625648FE8004F30FF /* Sources */ = {
			isa = PBXSourcesBuildPhase;
			buildActionMask = 2147483647;
			files = (
				CEB11804256490D0004F30FF /* FoodDealsWidget.intentdefinition in Sources */,
				CEB117E225648FE8004F30FF /* ViewController.swift in Sources */,
				CEB117DE25648FE8004F30FF /* AppDelegate.swift in Sources */,
				CEB117E025648FE8004F30FF /* SceneDelegate.swift in Sources */,
			);
			runOnlyForDeploymentPostprocessing = 0;
		};
		CEB117F2256490CD004F30FF /* Sources */ = {
			isa = PBXSourcesBuildPhase;
			buildActionMask = 2147483647;
			files = (
				CEB11803256490D0004F30FF /* FoodDealsWidget.intentdefinition in Sources */,
				CEB117FE256490CD004F30FF /* FoodDealsWidget.swift in Sources */,
			);
			runOnlyForDeploymentPostprocessing = 0;
		};
/* End PBXSourcesBuildPhase section */

/* Begin PBXTargetDependency section */
		CEB11806256490D0004F30FF /* PBXTargetDependency */ = {
			isa = PBXTargetDependency;
			target = CEB117F5256490CD004F30FF /* FoodDealsWidgetExtension */;
			targetProxy = CEB11805256490D0004F30FF /* PBXContainerItemProxy */;
		};
/* End PBXTargetDependency section */

/* Begin PBXVariantGroup section */
		CEB117E325648FE8004F30FF /* Main.storyboard */ = {
			isa = PBXVariantGroup;
			children = (
				CEB117E425648FE8004F30FF /* Base */,
			);
			name = Main.storyboard;
			sourceTree = "<group>";
		};
		CEB117E825648FEB004F30FF /* LaunchScreen.storyboard */ = {
			isa = PBXVariantGroup;
			children = (
				CEB117E925648FEB004F30FF /* Base */,
			);
			name = LaunchScreen.storyboard;
			sourceTree = "<group>";
		};
/* End PBXVariantGroup section */

/* Begin XCBuildConfiguration section */
		CEB117EC25648FEB004F30FF /* Debug */ = {
			isa = XCBuildConfiguration;
			buildSettings = {
				ALWAYS_SEARCH_USER_PATHS = NO;
				CLANG_ANALYZER_NONNULL = YES;
				CLANG_ANALYZER_NUMBER_OBJECT_CONVERSION = YES_AGGRESSIVE;
				CLANG_CXX_LANGUAGE_STANDARD = "gnu++14";
				CLANG_CXX_LIBRARY = "libc++";
				CLANG_ENABLE_MODULES = YES;
				CLANG_ENABLE_OBJC_ARC = YES;
				CLANG_ENABLE_OBJC_WEAK = YES;
				CLANG_WARN_BLOCK_CAPTURE_AUTORELEASING = YES;
				CLANG_WARN_BOOL_CONVERSION = YES;
				CLANG_WARN_COMMA = YES;
				CLANG_WARN_CONSTANT_CONVERSION = YES;
				CLANG_WARN_DEPRECATED_OBJC_IMPLEMENTATIONS = YES;
				CLANG_WARN_DIRECT_OBJC_ISA_USAGE = YES_ERROR;
				CLANG_WARN_DOCUMENTATION_COMMENTS = YES;
				CLANG_WARN_EMPTY_BODY = YES;
				CLANG_WARN_ENUM_CONVERSION = YES;
				CLANG_WARN_INFINITE_RECURSION = YES;
				CLANG_WARN_INT_CONVERSION = YES;
				CLANG_WARN_NON_LITERAL_NULL_CONVERSION = YES;
				CLANG_WARN_OBJC_IMPLICIT_RETAIN_SELF = YES;
				CLANG_WARN_OBJC_LITERAL_CONVERSION = YES;
				CLANG_WARN_OBJC_ROOT_CLASS = YES_ERROR;
				CLANG_WARN_QUOTED_INCLUDE_IN_FRAMEWORK_HEADER = YES;
				CLANG_WARN_RANGE_LOOP_ANALYSIS = YES;
				CLANG_WARN_STRICT_PROTOTYPES = YES;
				CLANG_WARN_SUSPICIOUS_MOVE = YES;
				CLANG_WARN_UNGUARDED_AVAILABILITY = YES_AGGRESSIVE;
				CLANG_WARN_UNREACHABLE_CODE = YES;
				CLANG_WARN__DUPLICATE_METHOD_MATCH = YES;
				COPY_PHASE_STRIP = NO;
				DEBUG_INFORMATION_FORMAT = dwarf;
				ENABLE_STRICT_OBJC_MSGSEND = YES;
				ENABLE_TESTABILITY = YES;
				GCC_C_LANGUAGE_STANDARD = gnu11;
				GCC_DYNAMIC_NO_PIC = NO;
				GCC_NO_COMMON_BLOCKS = YES;
				GCC_OPTIMIZATION_LEVEL = 0;
				GCC_PREPROCESSOR_DEFINITIONS = (
					"DEBUG=1",
					"$(inherited)",
				);
				GCC_WARN_64_TO_32_BIT_CONVERSION = YES;
				GCC_WARN_ABOUT_RETURN_TYPE = YES_ERROR;
				GCC_WARN_UNDECLARED_SELECTOR = YES;
				GCC_WARN_UNINITIALIZED_AUTOS = YES_AGGRESSIVE;
				GCC_WARN_UNUSED_FUNCTION = YES;
				GCC_WARN_UNUSED_VARIABLE = YES;
				IPHONEOS_DEPLOYMENT_TARGET = 14.2;
				MTL_ENABLE_DEBUG_INFO = INCLUDE_SOURCE;
				MTL_FAST_MATH = YES;
				ONLY_ACTIVE_ARCH = YES;
				SDKROOT = iphoneos;
				SWIFT_ACTIVE_COMPILATION_CONDITIONS = DEBUG;
				SWIFT_OPTIMIZATION_LEVEL = "-Onone";
			};
			name = Debug;
		};
		CEB117ED25648FEB004F30FF /* Release */ = {
			isa = XCBuildConfiguration;
			buildSettings = {
				ALWAYS_SEARCH_USER_PATHS = NO;
				CLANG_ANALYZER_NONNULL = YES;
				CLANG_ANALYZER_NUMBER_OBJECT_CONVERSION = YES_AGGRESSIVE;
				CLANG_CXX_LANGUAGE_STANDARD = "gnu++14";
				CLANG_CXX_LIBRARY = "libc++";
				CLANG_ENABLE_MODULES = YES;
				CLANG_ENABLE_OBJC_ARC = YES;
				CLANG_ENABLE_OBJC_WEAK = YES;
				CLANG_WARN_BLOCK_CAPTURE_AUTORELEASING = YES;
				CLANG_WARN_BOOL_CONVERSION = YES;
				CLANG_WARN_COMMA = YES;
				CLANG_WARN_CONSTANT_CONVERSION = YES;
				CLANG_WARN_DEPRECATED_OBJC_IMPLEMENTATIONS = YES;
				CLANG_WARN_DIRECT_OBJC_ISA_USAGE = YES_ERROR;
				CLANG_WARN_DOCUMENTATION_COMMENTS = YES;
				CLANG_WARN_EMPTY_BODY = YES;
				CLANG_WARN_ENUM_CONVERSION = YES;
				CLANG_WARN_INFINITE_RECURSION = YES;
				CLANG_WARN_INT_CONVERSION = YES;
				CLANG_WARN_NON_LITERAL_NULL_CONVERSION = YES;
				CLANG_WARN_OBJC_IMPLICIT_RETAIN_SELF = YES;
				CLANG_WARN_OBJC_LITERAL_CONVERSION = YES;
				CLANG_WARN_OBJC_ROOT_CLASS = YES_ERROR;
				CLANG_WARN_QUOTED_INCLUDE_IN_FRAMEWORK_HEADER = YES;
				CLANG_WARN_RANGE_LOOP_ANALYSIS = YES;
				CLANG_WARN_STRICT_PROTOTYPES = YES;
				CLANG_WARN_SUSPICIOUS_MOVE = YES;
				CLANG_WARN_UNGUARDED_AVAILABILITY = YES_AGGRESSIVE;
				CLANG_WARN_UNREACHABLE_CODE = YES;
				CLANG_WARN__DUPLICATE_METHOD_MATCH = YES;
				COPY_PHASE_STRIP = NO;
				DEBUG_INFORMATION_FORMAT = "dwarf-with-dsym";
				ENABLE_NS_ASSERTIONS = NO;
				ENABLE_STRICT_OBJC_MSGSEND = YES;
				GCC_C_LANGUAGE_STANDARD = gnu11;
				GCC_NO_COMMON_BLOCKS = YES;
				GCC_WARN_64_TO_32_BIT_CONVERSION = YES;
				GCC_WARN_ABOUT_RETURN_TYPE = YES_ERROR;
				GCC_WARN_UNDECLARED_SELECTOR = YES;
				GCC_WARN_UNINITIALIZED_AUTOS = YES_AGGRESSIVE;
				GCC_WARN_UNUSED_FUNCTION = YES;
				GCC_WARN_UNUSED_VARIABLE = YES;
				IPHONEOS_DEPLOYMENT_TARGET = 14.2;
				MTL_ENABLE_DEBUG_INFO = NO;
				MTL_FAST_MATH = YES;
				SDKROOT = iphoneos;
				SWIFT_COMPILATION_MODE = wholemodule;
				SWIFT_OPTIMIZATION_LEVEL = "-O";
				VALIDATE_PRODUCT = YES;
			};
			name = Release;
		};
		CEB117EF25648FEB004F30FF /* Debug */ = {
			isa = XCBuildConfiguration;
			buildSettings = {
				ALWAYS_EMBED_SWIFT_STANDARD_LIBRARIES = YES;
				ASSETCATALOG_COMPILER_APPICON_NAME = AppIcon;
				ASSETCATALOG_COMPILER_GLOBAL_ACCENT_COLOR_NAME = AccentColor;
				CODE_SIGN_STYLE = Automatic;
				DEVELOPMENT_TEAM = 657Q4GLDXN;
				INFOPLIST_FILE = FoodDeals/Info.plist;
				LD_RUNPATH_SEARCH_PATHS = (
					"$(inherited)",
					"@executable_path/Frameworks",
				);
				PRODUCT_BUNDLE_IDENTIFIER = JTC.FoodDeals;
				PRODUCT_NAME = "$(TARGET_NAME)";
				SWIFT_VERSION = 5.0;
				TARGETED_DEVICE_FAMILY = "1,2";
			};
			name = Debug;
		};
		CEB117F025648FEB004F30FF /* Release */ = {
			isa = XCBuildConfiguration;
			buildSettings = {
				ALWAYS_EMBED_SWIFT_STANDARD_LIBRARIES = YES;
				ASSETCATALOG_COMPILER_APPICON_NAME = AppIcon;
				ASSETCATALOG_COMPILER_GLOBAL_ACCENT_COLOR_NAME = AccentColor;
				CODE_SIGN_STYLE = Automatic;
				DEVELOPMENT_TEAM = 657Q4GLDXN;
				INFOPLIST_FILE = FoodDeals/Info.plist;
				LD_RUNPATH_SEARCH_PATHS = (
					"$(inherited)",
					"@executable_path/Frameworks",
				);
				PRODUCT_BUNDLE_IDENTIFIER = JTC.FoodDeals;
				PRODUCT_NAME = "$(TARGET_NAME)";
				SWIFT_VERSION = 5.0;
				TARGETED_DEVICE_FAMILY = "1,2";
			};
			name = Release;
		};
		CEB11809256490D0004F30FF /* Debug */ = {
			isa = XCBuildConfiguration;
			buildSettings = {
				ASSETCATALOG_COMPILER_GLOBAL_ACCENT_COLOR_NAME = AccentColor;
				ASSETCATALOG_COMPILER_WIDGET_BACKGROUND_COLOR_NAME = WidgetBackground;
				CODE_SIGN_STYLE = Automatic;
				DEVELOPMENT_TEAM = 657Q4GLDXN;
				INFOPLIST_FILE = FoodDealsWidget/Info.plist;
				LD_RUNPATH_SEARCH_PATHS = (
					"$(inherited)",
					"@executable_path/Frameworks",
					"@executable_path/../../Frameworks",
				);
				PRODUCT_BUNDLE_IDENTIFIER = JTC.FoodDeals.FoodDealsWidget;
				PRODUCT_NAME = "$(TARGET_NAME)";
				SKIP_INSTALL = YES;
				SWIFT_VERSION = 5.0;
				TARGETED_DEVICE_FAMILY = "1,2";
			};
			name = Debug;
		};
		CEB1180A256490D0004F30FF /* Release */ = {
			isa = XCBuildConfiguration;
			buildSettings = {
				ASSETCATALOG_COMPILER_GLOBAL_ACCENT_COLOR_NAME = AccentColor;
				ASSETCATALOG_COMPILER_WIDGET_BACKGROUND_COLOR_NAME = WidgetBackground;
				CODE_SIGN_STYLE = Automatic;
				DEVELOPMENT_TEAM = 657Q4GLDXN;
				INFOPLIST_FILE = FoodDealsWidget/Info.plist;
				LD_RUNPATH_SEARCH_PATHS = (
					"$(inherited)",
					"@executable_path/Frameworks",
					"@executable_path/../../Frameworks",
				);
				PRODUCT_BUNDLE_IDENTIFIER = JTC.FoodDeals.FoodDealsWidget;
				PRODUCT_NAME = "$(TARGET_NAME)";
				SKIP_INSTALL = YES;
				SWIFT_VERSION = 5.0;
				TARGETED_DEVICE_FAMILY = "1,2";
			};
			name = Release;
		};
/* End XCBuildConfiguration section */

/* Begin XCConfigurationList section */
		CEB117D525648FE8004F30FF /* Build configuration list for PBXProject "FoodDeals" */ = {
			isa = XCConfigurationList;
			buildConfigurations = (
				CEB117EC25648FEB004F30FF /* Debug */,
				CEB117ED25648FEB004F30FF /* Release */,
			);
			defaultConfigurationIsVisible = 0;
			defaultConfigurationName = Release;
		};
		CEB117EE25648FEB004F30FF /* Build configuration list for PBXNativeTarget "FoodDeals" */ = {
			isa = XCConfigurationList;
			buildConfigurations = (
				CEB117EF25648FEB004F30FF /* Debug */,
				CEB117F025648FEB004F30FF /* Release */,
			);
			defaultConfigurationIsVisible = 0;
			defaultConfigurationName = Release;
		};
		CEB11808256490D0004F30FF /* Build configuration list for PBXNativeTarget "FoodDealsWidgetExtension" */ = {
			isa = XCConfigurationList;
			buildConfigurations = (
				CEB11809256490D0004F30FF /* Debug */,
				CEB1180A256490D0004F30FF /* Release */,
			);
			defaultConfigurationIsVisible = 0;
			defaultConfigurationName = Release;
		};
/* End XCConfigurationList section */
	};
	rootObject = CEB117D225648FE8004F30FF /* Project object */;
}
